
Microsoft Visual Studio Solution File, Format Version 12.00
# Visual Studio Version 16
VisualStudioVersion = 16.0.29306.81
MinimumVisualStudioVersion = 10.0.40219.1
Project("{FAE04EC0-301F-11D3-BF4B-00C04F79EFBC}") = "Messenger", "Messenger\Messenger.csproj", "{4E99FE4E-A4D1-4F70-9CF6-4AD9943F5584}"
EndProject
Global
	GlobalSection(SolutionConfigurationPlatforms) = preSolution
		Debug|Any CPU = Debug|Any CPU
		Release|Any CPU = Release|Any CPU
	EndGlobalSection
	GlobalSection(ProjectConfigurationPlatforms) = postSolution
		{4E99FE4E-A4D1-4F70-9CF6-4AD9943F5584}.Debug|Any CPU.ActiveCfg = Debug|Any CPU
		{4E99FE4E-A4D1-4F70-9CF6-4AD9943F5584}.Debug|Any CPU.Build.0 = Debug|Any CPU
		{4E99FE4E-A4D1-4F70-9CF6-4AD9943F5584}.Release|Any CPU.ActiveCfg = Release|Any CPU
		{4E99FE4E-A4D1-4F70-9CF6-4AD9943F5584}.Release|Any CPU.Build.0 = Release|Any CPU
	EndGlobalSection
	GlobalSection(SolutionProperties) = preSolution
		HideSolutionNode = FALSE
	EndGlobalSection
	GlobalSection(ExtensibilityGlobals) = postSolution
		SolutionGuid = {3A673DC3-1733-4AD6-9B82-F1B0459F0F2E}
	EndGlobalSection
EndGlobal
